
Microsoft Visual Studio Solution File, Format Version 12.00
# Visual Studio 15
VisualStudioVersion = 15.0.26430.6
MinimumVisualStudioVersion = 10.0.40219.1
Project("{FAE04EC0-301F-11D3-BF4B-00C04F79EFBC}") = "VideoFrame", "VideoFrame\VideoFrame.csproj", "{A2E2868A-9AD4-49C3-9978-5FF7E806D521}"
EndProject
Global
	GlobalSection(SolutionConfigurationPlatforms) = preSolution
		Debug|Any CPU = Debug|Any CPU
		Release|Any CPU = Release|Any CPU
	EndGlobalSection
	GlobalSection(ProjectConfigurationPlatforms) = postSolution
		{A2E2868A-9AD4-49C3-9978-5FF7E806D521}.Debug|Any CPU.ActiveCfg = Debug|Any CPU
		{A2E2868A-9AD4-49C3-9978-5FF7E806D521}.Debug|Any CPU.Build.0 = Debug|Any CPU
		{A2E2868A-9AD4-49C3-9978-5FF7E806D521}.Release|Any CPU.ActiveCfg = Release|Any CPU
		{A2E2868A-9AD4-49C3-9978-5FF7E806D521}.Release|Any CPU.Build.0 = Release|Any CPU
	EndGlobalSection
	GlobalSection(SolutionProperties) = preSolution
		HideSolutionNode = FALSE
	EndGlobalSection
EndGlobal
